
Microsoft Visual Studio Solution File, Format Version 12.00
# Visual Studio 15
VisualStudioVersion = 15.0.28010.2003
MinimumVisualStudioVersion = 10.0.40219.1
Project("{FAE04EC0-301F-11D3-BF4B-00C04F79EFBC}") = "DREA.App", "DREA\DREA.App.csproj", "{7884B158-1F56-42E1-A779-22C531445134}"
EndProject
Project("{FAE04EC0-301F-11D3-BF4B-00C04F79EFBC}") = "DREA.Modelo", "DREA.Modelo\DREA.Modelo.csproj", "{7A9CE052-6C26-4FFA-8360-E74573886BD5}"
EndProject
Project("{FAE04EC0-301F-11D3-BF4B-00C04F79EFBC}") = "DREA.Dominio", "DREA.Dominio\DREA.Dominio.csproj", "{878CEFF3-D0C6-4C6E-ACC4-90D74E8DCC85}"
EndProject
Global
	GlobalSection(SolutionConfigurationPlatforms) = preSolution
		Debug|Any CPU = Debug|Any CPU
		Release|Any CPU = Release|Any CPU
	EndGlobalSection
	GlobalSection(ProjectConfigurationPlatforms) = postSolution
		{7884B158-1F56-42E1-A779-22C531445134}.Debug|Any CPU.ActiveCfg = Debug|Any CPU
		{7884B158-1F56-42E1-A779-22C531445134}.Debug|Any CPU.Build.0 = Debug|Any CPU
		{7884B158-1F56-42E1-A779-22C531445134}.Release|Any CPU.ActiveCfg = Release|Any CPU
		{7884B158-1F56-42E1-A779-22C531445134}.Release|Any CPU.Build.0 = Release|Any CPU
		{7A9CE052-6C26-4FFA-8360-E74573886BD5}.Debug|Any CPU.ActiveCfg = Debug|Any CPU
		{7A9CE052-6C26-4FFA-8360-E74573886BD5}.Debug|Any CPU.Build.0 = Debug|Any CPU
		{7A9CE052-6C26-4FFA-8360-E74573886BD5}.Release|Any CPU.ActiveCfg = Release|Any CPU
		{7A9CE052-6C26-4FFA-8360-E74573886BD5}.Release|Any CPU.Build.0 = Release|Any CPU
		{878CEFF3-D0C6-4C6E-ACC4-90D74E8DCC85}.Debug|Any CPU.ActiveCfg = Debug|Any CPU
		{878CEFF3-D0C6-4C6E-ACC4-90D74E8DCC85}.Debug|Any CPU.Build.0 = Debug|Any CPU
		{878CEFF3-D0C6-4C6E-ACC4-90D74E8DCC85}.Release|Any CPU.ActiveCfg = Release|Any CPU
		{878CEFF3-D0C6-4C6E-ACC4-90D74E8DCC85}.Release|Any CPU.Build.0 = Release|Any CPU
	EndGlobalSection
	GlobalSection(SolutionProperties) = preSolution
		HideSolutionNode = FALSE
	EndGlobalSection
	GlobalSection(ExtensibilityGlobals) = postSolution
		SolutionGuid = {DF70515D-21D2-4CA6-813A-593D44410146}
	EndGlobalSection
EndGlobal
